
Microsoft Visual Studio Solution File, Format Version 12.00
# Visual Studio Version 16
VisualStudioVersion = 16.0.28922.388
MinimumVisualStudioVersion = 10.0.40219.1
Project("{9A19103F-16F7-4668-BE54-9A1E7A4F7556}") = "ExamenMercadolibreMutantes", "ExamenMercadolibreMutantes\ExamenMercadolibreMutantes.csproj", "{366B10F1-039A-4CC9-9AFE-1851B615302D}"
EndProject
Project("{9A19103F-16F7-4668-BE54-9A1E7A4F7556}") = "UnitTests", "UnitTests\UnitTests.csproj", "{DB7AEFE4-9CE1-4D81-9D57-E741D0C37C6F}"
EndProject
Project("{FAE04EC0-301F-11D3-BF4B-00C04F79EFBC}") = "StressTestConsole", "StressTestConsole\StressTestConsole.csproj", "{8387A1B0-2E08-4A8D-8674-60F9A42F3782}"
EndProject
Global
	GlobalSection(SolutionConfigurationPlatforms) = preSolution
		Debug|Any CPU = Debug|Any CPU
		Release|Any CPU = Release|Any CPU
	EndGlobalSection
	GlobalSection(ProjectConfigurationPlatforms) = postSolution
		{366B10F1-039A-4CC9-9AFE-1851B615302D}.Debug|Any CPU.ActiveCfg = Debug|Any CPU
		{366B10F1-039A-4CC9-9AFE-1851B615302D}.Debug|Any CPU.Build.0 = Debug|Any CPU
		{366B10F1-039A-4CC9-9AFE-1851B615302D}.Release|Any CPU.ActiveCfg = Release|Any CPU
		{366B10F1-039A-4CC9-9AFE-1851B615302D}.Release|Any CPU.Build.0 = Release|Any CPU
		{DB7AEFE4-9CE1-4D81-9D57-E741D0C37C6F}.Debug|Any CPU.ActiveCfg = Debug|Any CPU
		{DB7AEFE4-9CE1-4D81-9D57-E741D0C37C6F}.Debug|Any CPU.Build.0 = Debug|Any CPU
		{DB7AEFE4-9CE1-4D81-9D57-E741D0C37C6F}.Release|Any CPU.ActiveCfg = Release|Any CPU
		{DB7AEFE4-9CE1-4D81-9D57-E741D0C37C6F}.Release|Any CPU.Build.0 = Release|Any CPU
		{8387A1B0-2E08-4A8D-8674-60F9A42F3782}.Debug|Any CPU.ActiveCfg = Debug|Any CPU
		{8387A1B0-2E08-4A8D-8674-60F9A42F3782}.Debug|Any CPU.Build.0 = Debug|Any CPU
		{8387A1B0-2E08-4A8D-8674-60F9A42F3782}.Release|Any CPU.ActiveCfg = Release|Any CPU
		{8387A1B0-2E08-4A8D-8674-60F9A42F3782}.Release|Any CPU.Build.0 = Release|Any CPU
	EndGlobalSection
	GlobalSection(SolutionProperties) = preSolution
		HideSolutionNode = FALSE
	EndGlobalSection
	GlobalSection(ExtensibilityGlobals) = postSolution
		SolutionGuid = {C2C44731-FD59-4D68-BDD2-EB47DFC76F28}
	EndGlobalSection
EndGlobal
